{
  "name": "straight-up",
  "version": "0.0.1",
  "lockfileVersion": 3,
  "requires": true,
  "packages": {
    "": {
      "name": "straight-up",
      "version": "0.0.1",
      "license": "ISC",
      "dependencies": {
        "@bradenmacdonald/s3-lite-client": "npm:@jsr/bradenmacdonald__s3-lite-client@^0.7.6"
      },
      "devDependencies": {
        "@types/node": "^22.2.0"
      }
    },
    "node_modules/@bradenmacdonald/s3-lite-client": {
      "name": "@jsr/bradenmacdonald__s3-lite-client",
      "version": "0.7.6",
      "resolved": "https://npm.jsr.io/~/11/@jsr/bradenmacdonald__s3-lite-client/0.7.6.tgz",
      "integrity": "sha512-fb3MMYeyrZsztN8kPeP50rHogiJGcmyFcGqAyw1TnP/CrmOA03vCMrzQYlTrqFDEvwpDJfy5h4k3RKMF6eGXzw==",
      "dependencies": {
        "@jsr/std__io": "^0.224"
      }
    },
    "node_modules/@jsr/std__bytes": {
      "version": "1.0.2",
      "resolved": "https://npm.jsr.io/~/11/@jsr/std__bytes/1.0.2.tgz",
      "integrity": "sha512-bkZ1rllRB1qsxFbPqtO1VAYTW2+3ZDmf6pcy8xihKS33r0Z1ly6/E/5DoapnJsNy05LdnANUySWt5kj/awgGdg=="
    },
    "node_modules/@jsr/std__io": {
      "version": "0.224.4",
      "resolved": "https://npm.jsr.io/~/11/@jsr/std__io/0.224.4.tgz",
      "integrity": "sha512-igmDf85M7jg27otjlkS/5KWhUfeNlK3hRMWsNCa7KVNStGNMHh0vpaw5InuqXlXahQ6vaNf+GUQXomQIX538dQ==",
      "dependencies": {
        "@jsr/std__bytes": "^1.0.2-rc.3"
      }
    },
    "node_modules/@types/node": {
      "version": "22.2.0",
      "resolved": "https://registry.npmjs.org/@types/node/-/node-22.2.0.tgz",
      "integrity": "sha512-bm6EG6/pCpkxDf/0gDNDdtDILMOHgaQBVOJGdwsqClnxA3xL6jtMv76rLBc006RVMWbmaf0xbmom4Z/5o2nRkQ==",
      "dev": true,
      "license": "MIT",
      "dependencies": {
        "undici-types": "~6.13.0"
      }
    },
    "node_modules/undici-types": {
      "version": "6.13.0",
      "resolved": "https://registry.npmjs.org/undici-types/-/undici-types-6.13.0.tgz",
      "integrity": "sha512-xtFJHudx8S2DSoujjMd1WeWvn7KKWFRESZTMeL1RptAYERu29D6jphMjjY+vn96jvN3kVPDNxU/E13VTaXj6jg==",
      "dev": true,
      "license": "MIT"
    }
  }
}
